
Microsoft Visual Studio Solution File, Format Version 12.00
# Visual Studio 15
VisualStudioVersion = 15.0.28307.1169
MinimumVisualStudioVersion = 10.0.40219.1
Project("{9A19103F-16F7-4668-BE54-9A1E7A4F7556}") = "WebVendasMvc", "WebVendasMvc\WebVendasMvc.csproj", "{30038B58-E6DD-4A9D-B98A-8A7D51ECB1B0}"
EndProject
Global
	GlobalSection(SolutionConfigurationPlatforms) = preSolution
		Debug|Any CPU = Debug|Any CPU
		Release|Any CPU = Release|Any CPU
	EndGlobalSection
	GlobalSection(ProjectConfigurationPlatforms) = postSolution
		{30038B58-E6DD-4A9D-B98A-8A7D51ECB1B0}.Debug|Any CPU.ActiveCfg = Debug|Any CPU
		{30038B58-E6DD-4A9D-B98A-8A7D51ECB1B0}.Debug|Any CPU.Build.0 = Debug|Any CPU
		{30038B58-E6DD-4A9D-B98A-8A7D51ECB1B0}.Release|Any CPU.ActiveCfg = Release|Any CPU
		{30038B58-E6DD-4A9D-B98A-8A7D51ECB1B0}.Release|Any CPU.Build.0 = Release|Any CPU
	EndGlobalSection
	GlobalSection(SolutionProperties) = preSolution
		HideSolutionNode = FALSE
	EndGlobalSection
	GlobalSection(ExtensibilityGlobals) = postSolution
		SolutionGuid = {0742A07F-811B-4932-8C50-60B2A3576741}
	EndGlobalSection
EndGlobal
